
Microsoft Visual Studio Solution File, Format Version 12.00
# Visual Studio Version 16
VisualStudioVersion = 16.0.29215.179
MinimumVisualStudioVersion = 10.0.40219.1
Project("{FAE04EC0-301F-11D3-BF4B-00C04F79EFBC}") = "BooksOneInc.Web", "BooksOneInc.Web\BooksOneInc.Web.csproj", "{6C473509-7845-4651-A656-76C8D13614D1}"
EndProject
Project("{FAE04EC0-301F-11D3-BF4B-00C04F79EFBC}") = "BooksOneInc.Domain", "BooksOneInc.Domain\BooksOneInc.Domain.csproj", "{EA21689E-ECE4-4642-B9F5-B00952EDB614}"
EndProject
Project("{FAE04EC0-301F-11D3-BF4B-00C04F79EFBC}") = "BooksOneInc.Services", "BooksOneInc.Services\BooksOneInc.Services.csproj", "{1A8AFFEB-B46C-427E-886B-DA80955FCD8C}"
EndProject
Project("{FAE04EC0-301F-11D3-BF4B-00C04F79EFBC}") = "BooksOneInc.DAL", "BooksOneInc.DAL\BooksOneInc.DAL.csproj", "{1A9A0342-C22A-42BF-ACF4-A8D79905FDD3}"
EndProject
Global
	GlobalSection(SolutionConfigurationPlatforms) = preSolution
		Debug|Any CPU = Debug|Any CPU
		Release|Any CPU = Release|Any CPU
	EndGlobalSection
	GlobalSection(ProjectConfigurationPlatforms) = postSolution
		{6C473509-7845-4651-A656-76C8D13614D1}.Debug|Any CPU.ActiveCfg = Debug|Any CPU
		{6C473509-7845-4651-A656-76C8D13614D1}.Debug|Any CPU.Build.0 = Debug|Any CPU
		{6C473509-7845-4651-A656-76C8D13614D1}.Release|Any CPU.ActiveCfg = Release|Any CPU
		{6C473509-7845-4651-A656-76C8D13614D1}.Release|Any CPU.Build.0 = Release|Any CPU
		{EA21689E-ECE4-4642-B9F5-B00952EDB614}.Debug|Any CPU.ActiveCfg = Debug|Any CPU
		{EA21689E-ECE4-4642-B9F5-B00952EDB614}.Debug|Any CPU.Build.0 = Debug|Any CPU
		{EA21689E-ECE4-4642-B9F5-B00952EDB614}.Release|Any CPU.ActiveCfg = Release|Any CPU
		{EA21689E-ECE4-4642-B9F5-B00952EDB614}.Release|Any CPU.Build.0 = Release|Any CPU
		{1A8AFFEB-B46C-427E-886B-DA80955FCD8C}.Debug|Any CPU.ActiveCfg = Debug|Any CPU
		{1A8AFFEB-B46C-427E-886B-DA80955FCD8C}.Debug|Any CPU.Build.0 = Debug|Any CPU
		{1A8AFFEB-B46C-427E-886B-DA80955FCD8C}.Release|Any CPU.ActiveCfg = Release|Any CPU
		{1A8AFFEB-B46C-427E-886B-DA80955FCD8C}.Release|Any CPU.Build.0 = Release|Any CPU
		{1A9A0342-C22A-42BF-ACF4-A8D79905FDD3}.Debug|Any CPU.ActiveCfg = Debug|Any CPU
		{1A9A0342-C22A-42BF-ACF4-A8D79905FDD3}.Debug|Any CPU.Build.0 = Debug|Any CPU
		{1A9A0342-C22A-42BF-ACF4-A8D79905FDD3}.Release|Any CPU.ActiveCfg = Release|Any CPU
		{1A9A0342-C22A-42BF-ACF4-A8D79905FDD3}.Release|Any CPU.Build.0 = Release|Any CPU
	EndGlobalSection
	GlobalSection(SolutionProperties) = preSolution
		HideSolutionNode = FALSE
	EndGlobalSection
	GlobalSection(ExtensibilityGlobals) = postSolution
		SolutionGuid = {6A75D99D-1FFE-47CD-99B6-75A1EC1AA37C}
	EndGlobalSection
EndGlobal
